github.com/SebastiaanKlippert/go-wkhtmltopdf v1.6.1 h1:Arp9w1xMGfnYFQH8don5x7b9oPQWQrUcpFquvBCFvlU=
github.com/SebastiaanKlippert/go-wkhtmltopdf v1.6.1/go.mod h1:zRBvVJtIfhaWvQ9lPIkXrtona4qqSmjZ1HfKvq4dQzI=
github.com/fsnotify/fsnotify v1.4.9 h1:hsms1Qyu0jgnwNXIxa+/V/PDsU6CfLf6CNO8H7IWoS4=
github.com/fsnotify/fsnotify v1.4.9/go.mod h1:znqG4EE+3YCdAaPaxE2ZRY/06pZUdp0tY4IgpuI1SZQ=
golang.org/x/sys v0.0.0-20191005200804-aed5e4c7ecf9/go.mod h1:h1NjWce9XRLGQEsW7wpKNCjG9DtNlClVuFLEZdDNbEs=
golang.org/x/sys v0.0.0-20201204225414-ed752295db88 h1:KmZPnMocC93w341XZp26yTJg8Za7lhb2KhkYmixoeso=
golang.org/x/sys v0.0.0-20201204225414-ed752295db88/go.mod h1:h1NjWce9XRLGQEsW7wpKNCjG9DtNlClVuFLEZdDNbEs=
